
Microsoft Visual Studio Solution File, Format Version 12.00
# Visual Studio Version 17
VisualStudioVersion = 17.8.34330.188
MinimumVisualStudioVersion = 10.0.40219.1
Project("{2150E333-8FDC-42A3-9474-1A3956D46DE8}") = "UsersService", "UsersService", "{9008E335-39B6-47C3-8A65-A0B995522590}"
EndProject
Project("{FAE04EC0-301F-11D3-BF4B-00C04F79EFBC}") = "UserService.Domain", "UserService.Domain\UserService.Domain.csproj", "{3FB0C727-B354-46A6-8C88-1A7FDD7532DE}"
EndProject
Global
	GlobalSection(SolutionConfigurationPlatforms) = preSolution
		Debug|Any CPU = Debug|Any CPU
		Release|Any CPU = Release|Any CPU
	EndGlobalSection
	GlobalSection(ProjectConfigurationPlatforms) = postSolution
		{3FB0C727-B354-46A6-8C88-1A7FDD7532DE}.Debug|Any CPU.ActiveCfg = Debug|Any CPU
		{3FB0C727-B354-46A6-8C88-1A7FDD7532DE}.Debug|Any CPU.Build.0 = Debug|Any CPU
		{3FB0C727-B354-46A6-8C88-1A7FDD7532DE}.Release|Any CPU.ActiveCfg = Release|Any CPU
		{3FB0C727-B354-46A6-8C88-1A7FDD7532DE}.Release|Any CPU.Build.0 = Release|Any CPU
	EndGlobalSection
	GlobalSection(SolutionProperties) = preSolution
		HideSolutionNode = FALSE
	EndGlobalSection
	GlobalSection(NestedProjects) = preSolution
		{3FB0C727-B354-46A6-8C88-1A7FDD7532DE} = {9008E335-39B6-47C3-8A65-A0B995522590}
	EndGlobalSection
	GlobalSection(ExtensibilityGlobals) = postSolution
		SolutionGuid = {5EE3AA07-9128-48B6-831F-545BB6E57237}
	EndGlobalSection
EndGlobal
